
Microsoft Visual Studio Solution File, Format Version 12.00
# Visual Studio Version 17
VisualStudioVersion = 17.7.34202.233
MinimumVisualStudioVersion = 10.0.40219.1
Project("{FAE04EC0-301F-11D3-BF4B-00C04F79EFBC}") = "Server", "Server\Server.csproj", "{142BB041-CF85-4810-B0EE-464DF2535BEC}"
EndProject
Global
	GlobalSection(SolutionConfigurationPlatforms) = preSolution
		Debug|Any CPU = Debug|Any CPU
		Release|Any CPU = Release|Any CPU
	EndGlobalSection
	GlobalSection(ProjectConfigurationPlatforms) = postSolution
		{142BB041-CF85-4810-B0EE-464DF2535BEC}.Debug|Any CPU.ActiveCfg = Debug|Any CPU
		{142BB041-CF85-4810-B0EE-464DF2535BEC}.Debug|Any CPU.Build.0 = Debug|Any CPU
		{142BB041-CF85-4810-B0EE-464DF2535BEC}.Release|Any CPU.ActiveCfg = Release|Any CPU
		{142BB041-CF85-4810-B0EE-464DF2535BEC}.Release|Any CPU.Build.0 = Release|Any CPU
	EndGlobalSection
	GlobalSection(SolutionProperties) = preSolution
		HideSolutionNode = FALSE
	EndGlobalSection
	GlobalSection(ExtensibilityGlobals) = postSolution
		SolutionGuid = {27E71FCE-60DA-4C62-845B-38CEE6B98560}
	EndGlobalSection
EndGlobal
